
Microsoft Visual Studio Solution File, Format Version 12.00
# Visual Studio 15
VisualStudioVersion = 15.0.28010.2016
MinimumVisualStudioVersion = 10.0.40219.1
Project("{9A19103F-16F7-4668-BE54-9A1E7A4F7556}") = "RoleBot", "RoleBot\RoleBot.csproj", "{CDD473CC-C6FC-4C0E-B2D4-38461FB6BBB7}"
EndProject
Project("{2150E333-8FDC-42A3-9474-1A3956D46DE8}") = "Solution Items", "Solution Items", "{F9946926-8EAE-4D33-8BAC-217E62646BD7}"
	ProjectSection(SolutionItems) = preProject
		TextFile1.json = TextFile1.json
	EndProjectSection
EndProject
Global
	GlobalSection(SolutionConfigurationPlatforms) = preSolution
		Debug|Any CPU = Debug|Any CPU
		Release|Any CPU = Release|Any CPU
	EndGlobalSection
	GlobalSection(ProjectConfigurationPlatforms) = postSolution
		{CDD473CC-C6FC-4C0E-B2D4-38461FB6BBB7}.Debug|Any CPU.ActiveCfg = Debug|Any CPU
		{CDD473CC-C6FC-4C0E-B2D4-38461FB6BBB7}.Debug|Any CPU.Build.0 = Debug|Any CPU
		{CDD473CC-C6FC-4C0E-B2D4-38461FB6BBB7}.Release|Any CPU.ActiveCfg = Release|Any CPU
		{CDD473CC-C6FC-4C0E-B2D4-38461FB6BBB7}.Release|Any CPU.Build.0 = Release|Any CPU
	EndGlobalSection
	GlobalSection(SolutionProperties) = preSolution
		HideSolutionNode = FALSE
	EndGlobalSection
	GlobalSection(ExtensibilityGlobals) = postSolution
		SolutionGuid = {41EC4230-F21E-49BB-88A7-29D8D91E96D2}
	EndGlobalSection
EndGlobal
